
Microsoft Visual Studio Solution File, Format Version 12.00
# Visual Studio Version 17
VisualStudioVersion = 17.10.35013.160
MinimumVisualStudioVersion = 10.0.40219.1
Project("{FAE04EC0-301F-11D3-BF4B-00C04F79EFBC}") = "GetStartedDebugging", "GetStartedDebugging\GetStartedDebugging.csproj", "{E215B816-5A43-4863-89BA-C9E1BB2E9B9D}"
EndProject
Global
	GlobalSection(SolutionConfigurationPlatforms) = preSolution
		Debug|Any CPU = Debug|Any CPU
		Release|Any CPU = Release|Any CPU
	EndGlobalSection
	GlobalSection(ProjectConfigurationPlatforms) = postSolution
		{E215B816-5A43-4863-89BA-C9E1BB2E9B9D}.Debug|Any CPU.ActiveCfg = Debug|Any CPU
		{E215B816-5A43-4863-89BA-C9E1BB2E9B9D}.Debug|Any CPU.Build.0 = Debug|Any CPU
		{E215B816-5A43-4863-89BA-C9E1BB2E9B9D}.Release|Any CPU.ActiveCfg = Release|Any CPU
		{E215B816-5A43-4863-89BA-C9E1BB2E9B9D}.Release|Any CPU.Build.0 = Release|Any CPU
	EndGlobalSection
	GlobalSection(SolutionProperties) = preSolution
		HideSolutionNode = FALSE
	EndGlobalSection
	GlobalSection(ExtensibilityGlobals) = postSolution
		SolutionGuid = {CB16D560-930B-44E3-A9B2-BE315B976F02}
	EndGlobalSection
EndGlobal
