
Microsoft Visual Studio Solution File, Format Version 12.00
# Visual Studio Version 17
VisualStudioVersion = 17.10.35013.160
MinimumVisualStudioVersion = 10.0.40219.1
Project("{FAE04EC0-301F-11D3-BF4B-00C04F79EFBC}") = "WindowsFormsApp1", "WindowsFormsApp1\WindowsFormsApp1.csproj", "{5943CD61-749C-499C-9B5F-634781A4A4F9}"
EndProject
Global
	GlobalSection(SolutionConfigurationPlatforms) = preSolution
		Debug|Any CPU = Debug|Any CPU
		Release|Any CPU = Release|Any CPU
	EndGlobalSection
	GlobalSection(ProjectConfigurationPlatforms) = postSolution
		{5943CD61-749C-499C-9B5F-634781A4A4F9}.Debug|Any CPU.ActiveCfg = Debug|Any CPU
		{5943CD61-749C-499C-9B5F-634781A4A4F9}.Debug|Any CPU.Build.0 = Debug|Any CPU
		{5943CD61-749C-499C-9B5F-634781A4A4F9}.Release|Any CPU.ActiveCfg = Release|Any CPU
		{5943CD61-749C-499C-9B5F-634781A4A4F9}.Release|Any CPU.Build.0 = Release|Any CPU
	EndGlobalSection
	GlobalSection(SolutionProperties) = preSolution
		HideSolutionNode = FALSE
	EndGlobalSection
	GlobalSection(ExtensibilityGlobals) = postSolution
		SolutionGuid = {094859D3-29B6-46BF-B719-029848A09013}
	EndGlobalSection
EndGlobal
